
Microsoft Visual Studio Solution File, Format Version 12.00
# Visual Studio Version 17
VisualStudioVersion = 17.8.34408.163
MinimumVisualStudioVersion = 10.0.40219.1
Project("{FAE04EC0-301F-11D3-BF4B-00C04F79EFBC}") = "ATM", "ATM\ATM.csproj", "{8662F8C3-B391-41C3-93CB-6DC2DD4A7C3F}"
EndProject
Project("{FAE04EC0-301F-11D3-BF4B-00C04F79EFBC}") = "Application", "Application\Application.csproj", "{251A8178-47C6-4171-83E5-19E829F32E79}"
EndProject
Global
	GlobalSection(SolutionConfigurationPlatforms) = preSolution
		Debug|Any CPU = Debug|Any CPU
		Release|Any CPU = Release|Any CPU
	EndGlobalSection
	GlobalSection(ProjectConfigurationPlatforms) = postSolution
		{8662F8C3-B391-41C3-93CB-6DC2DD4A7C3F}.Debug|Any CPU.ActiveCfg = Debug|Any CPU
		{8662F8C3-B391-41C3-93CB-6DC2DD4A7C3F}.Debug|Any CPU.Build.0 = Debug|Any CPU
		{8662F8C3-B391-41C3-93CB-6DC2DD4A7C3F}.Release|Any CPU.ActiveCfg = Release|Any CPU
		{8662F8C3-B391-41C3-93CB-6DC2DD4A7C3F}.Release|Any CPU.Build.0 = Release|Any CPU
		{251A8178-47C6-4171-83E5-19E829F32E79}.Debug|Any CPU.ActiveCfg = Debug|Any CPU
		{251A8178-47C6-4171-83E5-19E829F32E79}.Debug|Any CPU.Build.0 = Debug|Any CPU
		{251A8178-47C6-4171-83E5-19E829F32E79}.Release|Any CPU.ActiveCfg = Release|Any CPU
		{251A8178-47C6-4171-83E5-19E829F32E79}.Release|Any CPU.Build.0 = Release|Any CPU
	EndGlobalSection
	GlobalSection(SolutionProperties) = preSolution
		HideSolutionNode = FALSE
	EndGlobalSection
	GlobalSection(ExtensibilityGlobals) = postSolution
		SolutionGuid = {3147F99A-4502-451F-B8DA-5FFB5CD038A4}
	EndGlobalSection
EndGlobal
